
Microsoft Visual Studio Solution File, Format Version 12.00
# Visual Studio Version 17
VisualStudioVersion = 17.9.34723.18
MinimumVisualStudioVersion = 10.0.40219.1
Project("{FAE04EC0-301F-11D3-BF4B-00C04F79EFBC}") = "NynaeveLib", "NynaeveLib\NynaeveLib.csproj", "{11205760-8C32-4E1D-AAFB-9CB52905816A}"
EndProject
Project("{2150E333-8FDC-42A3-9474-1A3956D46DE8}") = "Tests", "Tests", "{0D3DDF97-8A45-4236-A266-472FC507F947}"
EndProject
Project("{FAE04EC0-301F-11D3-BF4B-00C04F79EFBC}") = "TestsMessenger", "TestsMessenger\TestsMessenger.csproj", "{32A69C8F-E382-4BC0-856A-381B6771F7C8}"
EndProject
Global
	GlobalSection(SolutionConfigurationPlatforms) = preSolution
		Debug|Any CPU = Debug|Any CPU
		Release|Any CPU = Release|Any CPU
	EndGlobalSection
	GlobalSection(ProjectConfigurationPlatforms) = postSolution
		{11205760-8C32-4E1D-AAFB-9CB52905816A}.Debug|Any CPU.ActiveCfg = Debug|Any CPU
		{11205760-8C32-4E1D-AAFB-9CB52905816A}.Debug|Any CPU.Build.0 = Debug|Any CPU
		{11205760-8C32-4E1D-AAFB-9CB52905816A}.Release|Any CPU.ActiveCfg = Release|Any CPU
		{11205760-8C32-4E1D-AAFB-9CB52905816A}.Release|Any CPU.Build.0 = Release|Any CPU
		{32A69C8F-E382-4BC0-856A-381B6771F7C8}.Debug|Any CPU.ActiveCfg = Debug|Any CPU
		{32A69C8F-E382-4BC0-856A-381B6771F7C8}.Debug|Any CPU.Build.0 = Debug|Any CPU
		{32A69C8F-E382-4BC0-856A-381B6771F7C8}.Release|Any CPU.ActiveCfg = Release|Any CPU
		{32A69C8F-E382-4BC0-856A-381B6771F7C8}.Release|Any CPU.Build.0 = Release|Any CPU
	EndGlobalSection
	GlobalSection(SolutionProperties) = preSolution
		HideSolutionNode = FALSE
	EndGlobalSection
	GlobalSection(NestedProjects) = preSolution
		{32A69C8F-E382-4BC0-856A-381B6771F7C8} = {0D3DDF97-8A45-4236-A266-472FC507F947}
	EndGlobalSection
	GlobalSection(ExtensibilityGlobals) = postSolution
		SolutionGuid = {242897A0-7D27-4BFC-938D-A5A85A5CF0D0}
	EndGlobalSection
EndGlobal
